
Microsoft Visual Studio Solution File, Format Version 12.00
# Visual Studio 2013
VisualStudioVersion = 12.0.40629.0
MinimumVisualStudioVersion = 10.0.40219.1
Project("{FAE04EC0-301F-11D3-BF4B-00C04F79EFBC}") = "DemoServer", "DemoServer\DemoServer.csproj", "{D36B0D8A-7975-48D8-ADF7-6930CAE5F0E9}"
EndProject
Project("{FAE04EC0-301F-11D3-BF4B-00C04F79EFBC}") = "DemoMethods", "DemoMethods\DemoMethods.csproj", "{C1466A47-60EA-4CBA-BE7B-89C219FB0D20}"
EndProject
Project("{FAE04EC0-301F-11D3-BF4B-00C04F79EFBC}") = "DemoStudio", "DemoStudio\DemoStudio.csproj", "{7A285A25-24C4-4BF8-B5E3-105A021D1207}"
EndProject
Global
	GlobalSection(SolutionConfigurationPlatforms) = preSolution
		Debug|Any CPU = Debug|Any CPU
		Release|Any CPU = Release|Any CPU
	EndGlobalSection
	GlobalSection(ProjectConfigurationPlatforms) = postSolution
		{D36B0D8A-7975-48D8-ADF7-6930CAE5F0E9}.Debug|Any CPU.ActiveCfg = Debug|Any CPU
		{D36B0D8A-7975-48D8-ADF7-6930CAE5F0E9}.Debug|Any CPU.Build.0 = Debug|Any CPU
		{D36B0D8A-7975-48D8-ADF7-6930CAE5F0E9}.Release|Any CPU.ActiveCfg = Release|Any CPU
		{D36B0D8A-7975-48D8-ADF7-6930CAE5F0E9}.Release|Any CPU.Build.0 = Release|Any CPU
		{C1466A47-60EA-4CBA-BE7B-89C219FB0D20}.Debug|Any CPU.ActiveCfg = Debug|Any CPU
		{C1466A47-60EA-4CBA-BE7B-89C219FB0D20}.Debug|Any CPU.Build.0 = Debug|Any CPU
		{C1466A47-60EA-4CBA-BE7B-89C219FB0D20}.Release|Any CPU.ActiveCfg = Release|Any CPU
		{C1466A47-60EA-4CBA-BE7B-89C219FB0D20}.Release|Any CPU.Build.0 = Release|Any CPU
		{7A285A25-24C4-4BF8-B5E3-105A021D1207}.Debug|Any CPU.ActiveCfg = Debug|Any CPU
		{7A285A25-24C4-4BF8-B5E3-105A021D1207}.Debug|Any CPU.Build.0 = Debug|Any CPU
		{7A285A25-24C4-4BF8-B5E3-105A021D1207}.Release|Any CPU.ActiveCfg = Release|Any CPU
		{7A285A25-24C4-4BF8-B5E3-105A021D1207}.Release|Any CPU.Build.0 = Release|Any CPU
	EndGlobalSection
	GlobalSection(SolutionProperties) = preSolution
		HideSolutionNode = FALSE
	EndGlobalSection
EndGlobal
